
Microsoft Visual Studio Solution File, Format Version 12.00
# Visual Studio Version 16
VisualStudioVersion = 16.0.31205.134
MinimumVisualStudioVersion = 10.0.40219.1
Project("{FAE04EC0-301F-11D3-BF4B-00C04F79EFBC}") = "BetterSpawnTickets", "BetterSpawnTickets\BetterSpawnTickets.csproj", "{722637B5-2745-4083-A509-C43564C07DE0}"
EndProject
Global
	GlobalSection(SolutionConfigurationPlatforms) = preSolution
		Debug|Any CPU = Debug|Any CPU
		Release|Any CPU = Release|Any CPU
	EndGlobalSection
	GlobalSection(ProjectConfigurationPlatforms) = postSolution
		{722637B5-2745-4083-A509-C43564C07DE0}.Debug|Any CPU.ActiveCfg = Release|Any CPU
		{722637B5-2745-4083-A509-C43564C07DE0}.Debug|Any CPU.Build.0 = Release|Any CPU
		{722637B5-2745-4083-A509-C43564C07DE0}.Release|Any CPU.ActiveCfg = Release|Any CPU
		{722637B5-2745-4083-A509-C43564C07DE0}.Release|Any CPU.Build.0 = Release|Any CPU
	EndGlobalSection
	GlobalSection(SolutionProperties) = preSolution
		HideSolutionNode = FALSE
	EndGlobalSection
	GlobalSection(ExtensibilityGlobals) = postSolution
		SolutionGuid = {29B71F01-D8A1-4987-A64A-A893E41AB902}
	EndGlobalSection
EndGlobal
